
Microsoft Visual Studio Solution File, Format Version 12.00
# Visual Studio Version 17
VisualStudioVersion = 17.12.35707.178
MinimumVisualStudioVersion = 10.0.40219.1
Project("{FAE04EC0-301F-11D3-BF4B-00C04F79EFBC}") = "MatheusR.Motok.Domain", "src\MatheusR.Motok.Domain\MatheusR.Motok.Domain.csproj", "{E01D436B-D3DA-497C-84F5-A57E590964D6}"
EndProject
Project("{2150E333-8FDC-42A3-9474-1A3956D46DE8}") = "src", "src", "{14C3C03D-B38E-4E46-BA01-32A7A1FC36B2}"
EndProject
Project("{2150E333-8FDC-42A3-9474-1A3956D46DE8}") = "tests", "tests", "{133670C0-2FC0-4BE6-9FDC-C3CC41377C66}"
EndProject
Project("{FAE04EC0-301F-11D3-BF4B-00C04F79EFBC}") = "MatheusR.Motok.UnitTests", "tests\MatheusR.Motok.UnitTests\MatheusR.Motok.UnitTests.csproj", "{FBA74AAE-FD93-4F39-A35F-6C32B8672C5D}"
EndProject
Project("{FAE04EC0-301F-11D3-BF4B-00C04F79EFBC}") = "MatheusR.Motok.API", "src\MatheusR.Motok.API\MatheusR.Motok.API.csproj", "{3AE1B57C-C85D-4D96-84BF-BE2E96CB6B61}"
EndProject
Project("{FAE04EC0-301F-11D3-BF4B-00C04F79EFBC}") = "MatheusR.Motok.CC", "src\MatheusR.Motok.CC\MatheusR.Motok.CC.csproj", "{77112159-E8C0-4919-A083-FA64887DF9DA}"
EndProject
Project("{FAE04EC0-301F-11D3-BF4B-00C04F79EFBC}") = "MatheusR.Motok.Application", "src\MatheusR.Motok.Application\MatheusR.Motok.Application.csproj", "{701FC9F1-8022-4D67-853E-F54B84D4EB41}"
EndProject
Project("{FAE04EC0-301F-11D3-BF4B-00C04F79EFBC}") = "MatheusR.Motok.SimpleMediator", "src\MatheusR.Motok.SimpleMediator\MatheusR.Motok.SimpleMediator.csproj", "{D7AB3674-037E-44F3-8007-1EAA85A329E7}"
EndProject
Project("{FAE04EC0-301F-11D3-BF4B-00C04F79EFBC}") = "MatheusR.Motok.Infra", "src\MatheusR.Motok.Infra\MatheusR.Motok.Infra.csproj", "{41CD88EF-ECE8-4772-ACDD-D746C4588A8B}"
EndProject
Project("{FAE04EC0-301F-11D3-BF4B-00C04F79EFBC}") = "MatheusR.Motok.E2ETests", "tests\MatheusR.Motok.E2ETests\MatheusR.Motok.E2ETests.csproj", "{BF6DDCD8-534D-42CB-9D75-BF744419095E}"
EndProject
Global
	GlobalSection(SolutionConfigurationPlatforms) = preSolution
		Debug|Any CPU = Debug|Any CPU
		Release|Any CPU = Release|Any CPU
	EndGlobalSection
	GlobalSection(ProjectConfigurationPlatforms) = postSolution
		{E01D436B-D3DA-497C-84F5-A57E590964D6}.Debug|Any CPU.ActiveCfg = Debug|Any CPU
		{E01D436B-D3DA-497C-84F5-A57E590964D6}.Debug|Any CPU.Build.0 = Debug|Any CPU
		{E01D436B-D3DA-497C-84F5-A57E590964D6}.Release|Any CPU.ActiveCfg = Release|Any CPU
		{E01D436B-D3DA-497C-84F5-A57E590964D6}.Release|Any CPU.Build.0 = Release|Any CPU
		{FBA74AAE-FD93-4F39-A35F-6C32B8672C5D}.Debug|Any CPU.ActiveCfg = Debug|Any CPU
		{FBA74AAE-FD93-4F39-A35F-6C32B8672C5D}.Debug|Any CPU.Build.0 = Debug|Any CPU
		{FBA74AAE-FD93-4F39-A35F-6C32B8672C5D}.Release|Any CPU.ActiveCfg = Release|Any CPU
		{FBA74AAE-FD93-4F39-A35F-6C32B8672C5D}.Release|Any CPU.Build.0 = Release|Any CPU
		{3AE1B57C-C85D-4D96-84BF-BE2E96CB6B61}.Debug|Any CPU.ActiveCfg = Debug|Any CPU
		{3AE1B57C-C85D-4D96-84BF-BE2E96CB6B61}.Debug|Any CPU.Build.0 = Debug|Any CPU
		{3AE1B57C-C85D-4D96-84BF-BE2E96CB6B61}.Release|Any CPU.ActiveCfg = Release|Any CPU
		{3AE1B57C-C85D-4D96-84BF-BE2E96CB6B61}.Release|Any CPU.Build.0 = Release|Any CPU
		{77112159-E8C0-4919-A083-FA64887DF9DA}.Debug|Any CPU.ActiveCfg = Debug|Any CPU
		{77112159-E8C0-4919-A083-FA64887DF9DA}.Debug|Any CPU.Build.0 = Debug|Any CPU
		{77112159-E8C0-4919-A083-FA64887DF9DA}.Release|Any CPU.ActiveCfg = Release|Any CPU
		{77112159-E8C0-4919-A083-FA64887DF9DA}.Release|Any CPU.Build.0 = Release|Any CPU
		{701FC9F1-8022-4D67-853E-F54B84D4EB41}.Debug|Any CPU.ActiveCfg = Debug|Any CPU
		{701FC9F1-8022-4D67-853E-F54B84D4EB41}.Debug|Any CPU.Build.0 = Debug|Any CPU
		{701FC9F1-8022-4D67-853E-F54B84D4EB41}.Release|Any CPU.ActiveCfg = Release|Any CPU
		{701FC9F1-8022-4D67-853E-F54B84D4EB41}.Release|Any CPU.Build.0 = Release|Any CPU
		{D7AB3674-037E-44F3-8007-1EAA85A329E7}.Debug|Any CPU.ActiveCfg = Debug|Any CPU
		{D7AB3674-037E-44F3-8007-1EAA85A329E7}.Debug|Any CPU.Build.0 = Debug|Any CPU
		{D7AB3674-037E-44F3-8007-1EAA85A329E7}.Release|Any CPU.ActiveCfg = Release|Any CPU
		{D7AB3674-037E-44F3-8007-1EAA85A329E7}.Release|Any CPU.Build.0 = Release|Any CPU
		{41CD88EF-ECE8-4772-ACDD-D746C4588A8B}.Debug|Any CPU.ActiveCfg = Debug|Any CPU
		{41CD88EF-ECE8-4772-ACDD-D746C4588A8B}.Debug|Any CPU.Build.0 = Debug|Any CPU
		{41CD88EF-ECE8-4772-ACDD-D746C4588A8B}.Release|Any CPU.ActiveCfg = Release|Any CPU
		{41CD88EF-ECE8-4772-ACDD-D746C4588A8B}.Release|Any CPU.Build.0 = Release|Any CPU
		{BF6DDCD8-534D-42CB-9D75-BF744419095E}.Debug|Any CPU.ActiveCfg = Debug|Any CPU
		{BF6DDCD8-534D-42CB-9D75-BF744419095E}.Debug|Any CPU.Build.0 = Debug|Any CPU
		{BF6DDCD8-534D-42CB-9D75-BF744419095E}.Release|Any CPU.ActiveCfg = Release|Any CPU
		{BF6DDCD8-534D-42CB-9D75-BF744419095E}.Release|Any CPU.Build.0 = Release|Any CPU
	EndGlobalSection
	GlobalSection(SolutionProperties) = preSolution
		HideSolutionNode = FALSE
	EndGlobalSection
	GlobalSection(NestedProjects) = preSolution
		{E01D436B-D3DA-497C-84F5-A57E590964D6} = {14C3C03D-B38E-4E46-BA01-32A7A1FC36B2}
		{FBA74AAE-FD93-4F39-A35F-6C32B8672C5D} = {133670C0-2FC0-4BE6-9FDC-C3CC41377C66}
		{3AE1B57C-C85D-4D96-84BF-BE2E96CB6B61} = {14C3C03D-B38E-4E46-BA01-32A7A1FC36B2}
		{77112159-E8C0-4919-A083-FA64887DF9DA} = {14C3C03D-B38E-4E46-BA01-32A7A1FC36B2}
		{701FC9F1-8022-4D67-853E-F54B84D4EB41} = {14C3C03D-B38E-4E46-BA01-32A7A1FC36B2}
		{D7AB3674-037E-44F3-8007-1EAA85A329E7} = {14C3C03D-B38E-4E46-BA01-32A7A1FC36B2}
		{41CD88EF-ECE8-4772-ACDD-D746C4588A8B} = {14C3C03D-B38E-4E46-BA01-32A7A1FC36B2}
		{BF6DDCD8-534D-42CB-9D75-BF744419095E} = {133670C0-2FC0-4BE6-9FDC-C3CC41377C66}
	EndGlobalSection
EndGlobal
